
Microsoft Visual Studio Solution File, Format Version 12.00
# Visual Studio Version 17
VisualStudioVersion = 17.10.34916.146
MinimumVisualStudioVersion = 10.0.40219.1
Project("{FAE04EC0-301F-11D3-BF4B-00C04F79EFBC}") = "MongoDbNight", "MongoDbNight\MongoDbNight.csproj", "{5458AB7F-D7F2-4996-BE5C-330953BD1FF2}"
EndProject
Global
	GlobalSection(SolutionConfigurationPlatforms) = preSolution
		Debug|Any CPU = Debug|Any CPU
		Release|Any CPU = Release|Any CPU
	EndGlobalSection
	GlobalSection(ProjectConfigurationPlatforms) = postSolution
		{5458AB7F-D7F2-4996-BE5C-330953BD1FF2}.Debug|Any CPU.ActiveCfg = Debug|Any CPU
		{5458AB7F-D7F2-4996-BE5C-330953BD1FF2}.Debug|Any CPU.Build.0 = Debug|Any CPU
		{5458AB7F-D7F2-4996-BE5C-330953BD1FF2}.Release|Any CPU.ActiveCfg = Release|Any CPU
		{5458AB7F-D7F2-4996-BE5C-330953BD1FF2}.Release|Any CPU.Build.0 = Release|Any CPU
	EndGlobalSection
	GlobalSection(SolutionProperties) = preSolution
		HideSolutionNode = FALSE
	EndGlobalSection
	GlobalSection(ExtensibilityGlobals) = postSolution
		SolutionGuid = {6B388967-6841-4B4A-8452-41FDEDB9E9F3}
	EndGlobalSection
EndGlobal
